{
  "name": "react-query-rewind",
  "version": "1.0.1",
  "lockfileVersion": 3,
  "requires": true,
  "packages": {
    "": {
      "name": "react-query-rewind",
      "version": "1.0.1",
      "dependencies": {
        "@types/chrome": "^0.0.254"
      }
    },
    "node_modules/@types/chrome": {
      "version": "0.0.254",
      "resolved": "https://registry.npmjs.org/@types/chrome/-/chrome-0.0.254.tgz",
      "integrity": "sha512-svkOGKwA+6ZZuk9xtrYun8MYpNY/9hD17rgZ19v3KunhsK1ZOKaMESw12/1AXLh1u3UPA8jQIRi2370DXv9wgw==",
      "dependencies": {
        "@types/filesystem": "*",
        "@types/har-format": "*"
      }
    },
    "node_modules/@types/filesystem": {
      "version": "0.0.35",
      "resolved": "https://registry.npmjs.org/@types/filesystem/-/filesystem-0.0.35.tgz",
      "integrity": "sha512-1eKvCaIBdrD2mmMgy5dwh564rVvfEhZTWVQQGRNn0Nt4ZEnJ0C8oSUCzvMKRA4lGde5oEVo+q2MrTTbV/GHDCQ==",
      "dependencies": {
        "@types/filewriter": "*"
      }
    },
    "node_modules/@types/filewriter": {
      "version": "0.0.32",
      "resolved": "https://registry.npmjs.org/@types/filewriter/-/filewriter-0.0.32.tgz",
      "integrity": "sha512-Kpi2GXQyYJdjL8mFclL1eDgihn1SIzorMZjD94kdPZh9E4VxGOeyjPxi5LpsM4Zku7P0reqegZTt2GxhmA9VBg=="
    },
    "node_modules/@types/har-format": {
      "version": "1.2.15",
      "resolved": "https://registry.npmjs.org/@types/har-format/-/har-format-1.2.15.tgz",
      "integrity": "sha512-RpQH4rXLuvTXKR0zqHq3go0RVXYv/YVqv4TnPH95VbwUxZdQlK1EtcMvQvMpDngHbt13Csh9Z4qT9AbkiQH5BA=="
    }
  }
}
